
Microsoft Visual Studio Solution File, Format Version 12.00
# Visual Studio Version 16
VisualStudioVersion = 16.0.30907.101
MinimumVisualStudioVersion = 10.0.40219.1
Project("{8BC9CEB8-8B4A-11D0-8D11-00A0C91BC942}") = "UUIDtoShell", "UUIDtoShell\UUIDtoShell.vcxproj", "{224E40DE-8745-4B1C-9B19-4451CB7EE59A}"
EndProject
Project("{888888A0-9F3D-457C-B088-3A5042F75D52}") = "ShellcodeToUUID", "ShellcodeToUUID\ShellcodeToUUID.pyproj", "{A961CF15-4203-4737-A07B-DC2365EB6AB2}"
EndProject
Global
	GlobalSection(SolutionConfigurationPlatforms) = preSolution
		Debug|Any CPU = Debug|Any CPU
		Debug|x64 = Debug|x64
		Debug|x86 = Debug|x86
		Release|Any CPU = Release|Any CPU
		Release|x64 = Release|x64
		Release|x86 = Release|x86
	EndGlobalSection
	GlobalSection(ProjectConfigurationPlatforms) = postSolution
		{224E40DE-8745-4B1C-9B19-4451CB7EE59A}.Debug|Any CPU.ActiveCfg = Debug|Win32
		{224E40DE-8745-4B1C-9B19-4451CB7EE59A}.Debug|x64.ActiveCfg = Debug|x64
		{224E40DE-8745-4B1C-9B19-4451CB7EE59A}.Debug|x64.Build.0 = Debug|x64
		{224E40DE-8745-4B1C-9B19-4451CB7EE59A}.Debug|x86.ActiveCfg = Debug|Win32
		{224E40DE-8745-4B1C-9B19-4451CB7EE59A}.Debug|x86.Build.0 = Debug|Win32
		{224E40DE-8745-4B1C-9B19-4451CB7EE59A}.Release|Any CPU.ActiveCfg = Release|Win32
		{224E40DE-8745-4B1C-9B19-4451CB7EE59A}.Release|x64.ActiveCfg = Release|x64
		{224E40DE-8745-4B1C-9B19-4451CB7EE59A}.Release|x64.Build.0 = Release|x64
		{224E40DE-8745-4B1C-9B19-4451CB7EE59A}.Release|x86.ActiveCfg = Release|Win32
		{224E40DE-8745-4B1C-9B19-4451CB7EE59A}.Release|x86.Build.0 = Release|Win32
		{A961CF15-4203-4737-A07B-DC2365EB6AB2}.Debug|Any CPU.ActiveCfg = Debug|Any CPU
		{A961CF15-4203-4737-A07B-DC2365EB6AB2}.Debug|x64.ActiveCfg = Debug|Any CPU
		{A961CF15-4203-4737-A07B-DC2365EB6AB2}.Debug|x86.ActiveCfg = Debug|Any CPU
		{A961CF15-4203-4737-A07B-DC2365EB6AB2}.Release|Any CPU.ActiveCfg = Release|Any CPU
		{A961CF15-4203-4737-A07B-DC2365EB6AB2}.Release|x64.ActiveCfg = Release|Any CPU
		{A961CF15-4203-4737-A07B-DC2365EB6AB2}.Release|x86.ActiveCfg = Release|Any CPU
	EndGlobalSection
	GlobalSection(SolutionProperties) = preSolution
		HideSolutionNode = FALSE
	EndGlobalSection
	GlobalSection(ExtensibilityGlobals) = postSolution
		SolutionGuid = {54021CA4-55E0-4D40-A00F-D329E943F3D9}
	EndGlobalSection
EndGlobal
